
Microsoft Visual Studio Solution File, Format Version 12.00
# Visual Studio 15
VisualStudioVersion = 15.0.27428.2015
MinimumVisualStudioVersion = 10.0.40219.1
Project("{FAE04EC0-301F-11D3-BF4B-00C04F79EFBC}") = "HelloWorldApp", "HelloWorldApp\HelloWorldApp.csproj", "{B62F808D-EBE6-430E-9756-5B246A99CACC}"
EndProject
Project("{FAE04EC0-301F-11D3-BF4B-00C04F79EFBC}") = "HelloWorldApp.Tests", "HelloWorldApp.Tests\HelloWorldApp.Tests.csproj", "{7D4293C4-8B71-4396-A186-1C4902A8B874}"
EndProject
Project("{FAE04EC0-301F-11D3-BF4B-00C04F79EFBC}") = "HelloWorldConsole", "..\..\HelloWorldConsole\HelloWorldConsole\HelloWorldConsole.csproj", "{F003E595-EBC9-4B16-B9CE-4A0DDB683138}"
EndProject
Global
	GlobalSection(SolutionConfigurationPlatforms) = preSolution
		Debug|Any CPU = Debug|Any CPU
		Release|Any CPU = Release|Any CPU
	EndGlobalSection
	GlobalSection(ProjectConfigurationPlatforms) = postSolution
		{B62F808D-EBE6-430E-9756-5B246A99CACC}.Debug|Any CPU.ActiveCfg = Debug|Any CPU
		{B62F808D-EBE6-430E-9756-5B246A99CACC}.Debug|Any CPU.Build.0 = Debug|Any CPU
		{B62F808D-EBE6-430E-9756-5B246A99CACC}.Release|Any CPU.ActiveCfg = Release|Any CPU
		{B62F808D-EBE6-430E-9756-5B246A99CACC}.Release|Any CPU.Build.0 = Release|Any CPU
		{7D4293C4-8B71-4396-A186-1C4902A8B874}.Debug|Any CPU.ActiveCfg = Debug|Any CPU
		{7D4293C4-8B71-4396-A186-1C4902A8B874}.Debug|Any CPU.Build.0 = Debug|Any CPU
		{7D4293C4-8B71-4396-A186-1C4902A8B874}.Release|Any CPU.ActiveCfg = Release|Any CPU
		{7D4293C4-8B71-4396-A186-1C4902A8B874}.Release|Any CPU.Build.0 = Release|Any CPU
		{F003E595-EBC9-4B16-B9CE-4A0DDB683138}.Debug|Any CPU.ActiveCfg = Debug|Any CPU
		{F003E595-EBC9-4B16-B9CE-4A0DDB683138}.Debug|Any CPU.Build.0 = Debug|Any CPU
		{F003E595-EBC9-4B16-B9CE-4A0DDB683138}.Release|Any CPU.ActiveCfg = Release|Any CPU
		{F003E595-EBC9-4B16-B9CE-4A0DDB683138}.Release|Any CPU.Build.0 = Release|Any CPU
	EndGlobalSection
	GlobalSection(SolutionProperties) = preSolution
		HideSolutionNode = FALSE
	EndGlobalSection
	GlobalSection(ExtensibilityGlobals) = postSolution
		SolutionGuid = {7775186D-8D79-423F-8661-C2CE1227A3F2}
	EndGlobalSection
EndGlobal
